
Microsoft Visual Studio Solution File, Format Version 12.00
# Visual Studio Version 16
VisualStudioVersion = 16.0.30204.135
MinimumVisualStudioVersion = 10.0.40219.1
Project("{FAE04EC0-301F-11D3-BF4B-00C04F79EFBC}") = "TextFileSplitter", "TextFileSplitter.csproj", "{07B5D6A0-4DF5-4D4E-ACA8-676FB2C0D8B2}"
EndProject
Global
	GlobalSection(SolutionConfigurationPlatforms) = preSolution
		Debug|Any CPU = Debug|Any CPU
		Release|Any CPU = Release|Any CPU
	EndGlobalSection
	GlobalSection(ProjectConfigurationPlatforms) = postSolution
		{07B5D6A0-4DF5-4D4E-ACA8-676FB2C0D8B2}.Debug|Any CPU.ActiveCfg = Debug|Any CPU
		{07B5D6A0-4DF5-4D4E-ACA8-676FB2C0D8B2}.Debug|Any CPU.Build.0 = Debug|Any CPU
		{07B5D6A0-4DF5-4D4E-ACA8-676FB2C0D8B2}.Release|Any CPU.ActiveCfg = Release|Any CPU
		{07B5D6A0-4DF5-4D4E-ACA8-676FB2C0D8B2}.Release|Any CPU.Build.0 = Release|Any CPU
	EndGlobalSection
	GlobalSection(SolutionProperties) = preSolution
		HideSolutionNode = FALSE
	EndGlobalSection
	GlobalSection(ExtensibilityGlobals) = postSolution
		SolutionGuid = {F3B2D77C-19FC-4B77-9BDF-E10717F554F4}
	EndGlobalSection
EndGlobal
